
Microsoft Visual Studio Solution File, Format Version 12.00
# Visual Studio Version 17
VisualStudioVersion = 17.9.34701.34
MinimumVisualStudioVersion = 10.0.40219.1
Project("{FAE04EC0-301F-11D3-BF4B-00C04F79EFBC}") = "LOGIN", "LOGIN.csproj", "{774A23D8-50E8-4025-948D-985F34799A7F}"
EndProject
Global
	GlobalSection(SolutionConfigurationPlatforms) = preSolution
		Debug|Any CPU = Debug|Any CPU
		Release|Any CPU = Release|Any CPU
	EndGlobalSection
	GlobalSection(ProjectConfigurationPlatforms) = postSolution
		{774A23D8-50E8-4025-948D-985F34799A7F}.Debug|Any CPU.ActiveCfg = Debug|Any CPU
		{774A23D8-50E8-4025-948D-985F34799A7F}.Debug|Any CPU.Build.0 = Debug|Any CPU
		{774A23D8-50E8-4025-948D-985F34799A7F}.Release|Any CPU.ActiveCfg = Release|Any CPU
		{774A23D8-50E8-4025-948D-985F34799A7F}.Release|Any CPU.Build.0 = Release|Any CPU
	EndGlobalSection
	GlobalSection(SolutionProperties) = preSolution
		HideSolutionNode = FALSE
	EndGlobalSection
	GlobalSection(ExtensibilityGlobals) = postSolution
		SolutionGuid = {A3DF1476-562E-49A5-A550-F4AEE72758C8}
	EndGlobalSection
EndGlobal
